// !$*UTF8*$!
{
	archiveVersion = 1;
	classes = {
	};
	objectVersion = 50;
	objects = {

/* Begin PBXBuildFile section */
		7DE0575022B20BFE002002D7 /* AppDelegate.swift in Sources */ = {isa = PBXBuildFile; fileRef = 7DE0574F22B20BFE002002D7 /* AppDelegate.swift */; };
		7DE0575222B20BFE002002D7 /* ViewController.swift in Sources */ = {isa = PBXBuildFile; fileRef = 7DE0575122B20BFE002002D7 /* ViewController.swift */; };
		7DE0575522B20BFE002002D7 /* Main.storyboard in Resources */ = {isa = PBXBuildFile; fileRef = 7DE0575322B20BFE002002D7 /* Main.storyboard */; };
		7DE0575722B20BFF002002D7 /* Assets.xcassets in Resources */ = {isa = PBXBuildFile; fileRef = 7DE0575622B20BFF002002D7 /* Assets.xcassets */; };
		7DE0575A22B20BFF002002D7 /* LaunchScreen.storyboard in Resources */ = {isa = PBXBuildFile; fileRef = 7DE0575822B20BFF002002D7 /* LaunchScreen.storyboard */; };
		7DE0576522B20BFF002002D7 /* BringMyOwnBeer__Tests.swift in Sources */ = {isa = PBXBuildFile; fileRef = 7DE0576422B20BFF002002D7 /* BringMyOwnBeer__Tests.swift */; };
		7DE0577022B20BFF002002D7 /* BringMyOwnBeer__UITests.swift in Sources */ = {isa = PBXBuildFile; fileRef = 7DE0576F22B20BFF002002D7 /* BringMyOwnBeer__UITests.swift */; };
/* End PBXBuildFile section */

/* Begin PBXContainerItemProxy section */
		7DE0576122B20BFF002002D7 /* PBXContainerItemProxy */ = {
			isa = PBXContainerItemProxy;
			containerPortal = 7DE0574422B20BFE002002D7 /* Project object */;
			proxyType = 1;
			remoteGlobalIDString = 7DE0574B22B20BFE002002D7;
			remoteInfo = "BringMyOwnBeer🍺";
		};
		7DE0576C22B20BFF002002D7 /* PBXContainerItemProxy */ = {
			isa = PBXContainerItemProxy;
			containerPortal = 7DE0574422B20BFE002002D7 /* Project object */;
			proxyType = 1;
			remoteGlobalIDString = 7DE0574B22B20BFE002002D7;
			remoteInfo = "BringMyOwnBeer🍺";
		};
/* End PBXContainerItemProxy section */

/* Begin PBXFileReference section */
		7DE0574C22B20BFE002002D7 /* BringMyOwnBeer🍺.app */ = {isa = PBXFileReference; explicitFileType = wrapper.application; includeInIndex = 0; path = "BringMyOwnBeer🍺.app"; sourceTree = BUILT_PRODUCTS_DIR; };
		7DE0574F22B20BFE002002D7 /* AppDelegate.swift */ = {isa = PBXFileReference; lastKnownFileType = sourcecode.swift; path = AppDelegate.swift; sourceTree = "<group>"; };
		7DE0575122B20BFE002002D7 /* ViewController.swift */ = {isa = PBXFileReference; lastKnownFileType = sourcecode.swift; path = ViewController.swift; sourceTree = "<group>"; };
		7DE0575422B20BFE002002D7 /* Base */ = {isa = PBXFileReference; lastKnownFileType = file.storyboard; name = Base; path = Base.lproj/Main.storyboard; sourceTree = "<group>"; };
		7DE0575622B20BFF002002D7 /* Assets.xcassets */ = {isa = PBXFileReference; lastKnownFileType = folder.assetcatalog; path = Assets.xcassets; sourceTree = "<group>"; };
		7DE0575922B20BFF002002D7 /* Base */ = {isa = PBXFileReference; lastKnownFileType = file.storyboard; name = Base; path = Base.lproj/LaunchScreen.storyboard; sourceTree = "<group>"; };
		7DE0575B22B20BFF002002D7 /* Info.plist */ = {isa = PBXFileReference; lastKnownFileType = text.plist.xml; path = Info.plist; sourceTree = "<group>"; };
		7DE0576022B20BFF002002D7 /* BringMyOwnBeer🍺Tests.xctest */ = {isa = PBXFileReference; explicitFileType = wrapper.cfbundle; includeInIndex = 0; path = "BringMyOwnBeer🍺Tests.xctest"; sourceTree = BUILT_PRODUCTS_DIR; };
		7DE0576422B20BFF002002D7 /* BringMyOwnBeer__Tests.swift */ = {isa = PBXFileReference; lastKnownFileType = sourcecode.swift; path = BringMyOwnBeer__Tests.swift; sourceTree = "<group>"; };
		7DE0576622B20BFF002002D7 /* Info.plist */ = {isa = PBXFileReference; lastKnownFileType = text.plist.xml; path = Info.plist; sourceTree = "<group>"; };
		7DE0576B22B20BFF002002D7 /* BringMyOwnBeer🍺UITests.xctest */ = {isa = PBXFileReference; explicitFileType = wrapper.cfbundle; includeInIndex = 0; path = "BringMyOwnBeer🍺UITests.xctest"; sourceTree = BUILT_PRODUCTS_DIR; };
		7DE0576F22B20BFF002002D7 /* BringMyOwnBeer__UITests.swift */ = {isa = PBXFileReference; lastKnownFileType = sourcecode.swift; path = BringMyOwnBeer__UITests.swift; sourceTree = "<group>"; };
		7DE0577122B20BFF002002D7 /* Info.plist */ = {isa = PBXFileReference; lastKnownFileType = text.plist.xml; path = Info.plist; sourceTree = "<group>"; };
/* End PBXFileReference section */

/* Begin PBXFrameworksBuildPhase section */
		7DE0574922B20BFE002002D7 /* Frameworks */ = {
			isa = PBXFrameworksBuildPhase;
			buildActionMask = 2147483647;
			files = (
			);
			runOnlyForDeploymentPostprocessing = 0;
		};
		7DE0575D22B20BFF002002D7 /* Frameworks */ = {
			isa = PBXFrameworksBuildPhase;
			buildActionMask = 2147483647;
			files = (
			);
			runOnlyForDeploymentPostprocessing = 0;
		};
		7DE0576822B20BFF002002D7 /* Frameworks */ = {
			isa = PBXFrameworksBuildPhase;
			buildActionMask = 2147483647;
			files = (
			);
			runOnlyForDeploymentPostprocessing = 0;
		};
/* End PBXFrameworksBuildPhase section */

/* Begin PBXGroup section */
		7DE0574322B20BFE002002D7 = {
			isa = PBXGroup;
			children = (
				7DE0574E22B20BFE002002D7 /* BringMyOwnBeer🍺 */,
				7DE0576322B20BFF002002D7 /* BringMyOwnBeer🍺Tests */,
				7DE0576E22B20BFF002002D7 /* BringMyOwnBeer🍺UITests */,
				7DE0574D22B20BFE002002D7 /* Products */,
			);
			sourceTree = "<group>";
		};
		7DE0574D22B20BFE002002D7 /* Products */ = {
			isa = PBXGroup;
			children = (
				7DE0574C22B20BFE002002D7 /* BringMyOwnBeer🍺.app */,
				7DE0576022B20BFF002002D7 /* BringMyOwnBeer🍺Tests.xctest */,
				7DE0576B22B20BFF002002D7 /* BringMyOwnBeer🍺UITests.xctest */,
			);
			name = Products;
			sourceTree = "<group>";
		};
		7DE0574E22B20BFE002002D7 /* BringMyOwnBeer🍺 */ = {
			isa = PBXGroup;
			children = (
				7DE0574F22B20BFE002002D7 /* AppDelegate.swift */,
				7DE0575122B20BFE002002D7 /* ViewController.swift */,
				7DE0575322B20BFE002002D7 /* Main.storyboard */,
				7DE0575622B20BFF002002D7 /* Assets.xcassets */,
				7DE0575822B20BFF002002D7 /* LaunchScreen.storyboard */,
				7DE0575B22B20BFF002002D7 /* Info.plist */,
			);
			path = "BringMyOwnBeer🍺";
			sourceTree = "<group>";
		};
		7DE0576322B20BFF002002D7 /* BringMyOwnBeer🍺Tests */ = {
			isa = PBXGroup;
			children = (
				7DE0576422B20BFF002002D7 /* BringMyOwnBeer__Tests.swift */,
				7DE0576622B20BFF002002D7 /* Info.plist */,
			);
			path = "BringMyOwnBeer🍺Tests";
			sourceTree = "<group>";
		};
		7DE0576E22B20BFF002002D7 /* BringMyOwnBeer🍺UITests */ = {
			isa = PBXGroup;
			children = (
				7DE0576F22B20BFF002002D7 /* BringMyOwnBeer__UITests.swift */,
				7DE0577122B20BFF002002D7 /* Info.plist */,
			);
			path = "BringMyOwnBeer🍺UITests";
			sourceTree = "<group>";
		};
/* End PBXGroup section */

/* Begin PBXNativeTarget section */
		7DE0574B22B20BFE002002D7 /* BringMyOwnBeer🍺 */ = {
			isa = PBXNativeTarget;
			buildConfigurationList = 7DE0577422B20BFF002002D7 /* Build configuration list for PBXNativeTarget "BringMyOwnBeer🍺" */;
			buildPhases = (
				7DE0574822B20BFE002002D7 /* Sources */,
				7DE0574922B20BFE002002D7 /* Frameworks */,
				7DE0574A22B20BFE002002D7 /* Resources */,
			);
			buildRules = (
			);
			dependencies = (
			);
			name = "BringMyOwnBeer🍺";
			productName = "BringMyOwnBeer🍺";
			productReference = 7DE0574C22B20BFE002002D7 /* BringMyOwnBeer🍺.app */;
			productType = "com.apple.product-type.application";
		};
		7DE0575F22B20BFF002002D7 /* BringMyOwnBeer🍺Tests */ = {
			isa = PBXNativeTarget;
			buildConfigurationList = 7DE0577722B20BFF002002D7 /* Build configuration list for PBXNativeTarget "BringMyOwnBeer🍺Tests" */;
			buildPhases = (
				7DE0575C22B20BFF002002D7 /* Sources */,
				7DE0575D22B20BFF002002D7 /* Frameworks */,
				7DE0575E22B20BFF002002D7 /* Resources */,
			);
			buildRules = (
			);
			dependencies = (
				7DE0576222B20BFF002002D7 /* PBXTargetDependency */,
			);
			name = "BringMyOwnBeer🍺Tests";
			productName = "BringMyOwnBeer🍺Tests";
			productReference = 7DE0576022B20BFF002002D7 /* BringMyOwnBeer🍺Tests.xctest */;
			productType = "com.apple.product-type.bundle.unit-test";
		};
		7DE0576A22B20BFF002002D7 /* BringMyOwnBeer🍺UITests */ = {
			isa = PBXNativeTarget;
			buildConfigurationList = 7DE0577A22B20BFF002002D7 /* Build configuration list for PBXNativeTarget "BringMyOwnBeer🍺UITests" */;
			buildPhases = (
				7DE0576722B20BFF002002D7 /* Sources */,
				7DE0576822B20BFF002002D7 /* Frameworks */,
				7DE0576922B20BFF002002D7 /* Resources */,
			);
			buildRules = (
			);
			dependencies = (
				7DE0576D22B20BFF002002D7 /* PBXTargetDependency */,
			);
			name = "BringMyOwnBeer🍺UITests";
			productName = "BringMyOwnBeer🍺UITests";
			productReference = 7DE0576B22B20BFF002002D7 /* BringMyOwnBeer🍺UITests.xctest */;
			productType = "com.apple.product-type.bundle.ui-testing";
		};
/* End PBXNativeTarget section */

/* Begin PBXProject section */
		7DE0574422B20BFE002002D7 /* Project object */ = {
			isa = PBXProject;
			attributes = {
				LastSwiftUpdateCheck = 1020;
				LastUpgradeCheck = 1020;
				ORGANIZATIONNAME = "Boyoung Park";
				TargetAttributes = {
					7DE0574B22B20BFE002002D7 = {
						CreatedOnToolsVersion = 10.2.1;
					};
					7DE0575F22B20BFF002002D7 = {
						CreatedOnToolsVersion = 10.2.1;
						TestTargetID = 7DE0574B22B20BFE002002D7;
					};
					7DE0576A22B20BFF002002D7 = {
						CreatedOnToolsVersion = 10.2.1;
						TestTargetID = 7DE0574B22B20BFE002002D7;
					};
				};
			};
			buildConfigurationList = 7DE0574722B20BFE002002D7 /* Build configuration list for PBXProject "BringMyOwnBeer🍺" */;
			compatibilityVersion = "Xcode 9.3";
			developmentRegion = en;
			hasScannedForEncodings = 0;
			knownRegions = (
				en,
				Base,
			);
			mainGroup = 7DE0574322B20BFE002002D7;
			productRefGroup = 7DE0574D22B20BFE002002D7 /* Products */;
			projectDirPath = "";
			projectRoot = "";
			targets = (
				7DE0574B22B20BFE002002D7 /* BringMyOwnBeer🍺 */,
				7DE0575F22B20BFF002002D7 /* BringMyOwnBeer🍺Tests */,
				7DE0576A22B20BFF002002D7 /* BringMyOwnBeer🍺UITests */,
			);
		};
/* End PBXProject section */

/* Begin PBXResourcesBuildPhase section */
		7DE0574A22B20BFE002002D7 /* Resources */ = {
			isa = PBXResourcesBuildPhase;
			buildActionMask = 2147483647;
			files = (
				7DE0575A22B20BFF002002D7 /* LaunchScreen.storyboard in Resources */,
				7DE0575722B20BFF002002D7 /* Assets.xcassets in Resources */,
				7DE0575522B20BFE002002D7 /* Main.storyboard in Resources */,
			);
			runOnlyForDeploymentPostprocessing = 0;
		};
		7DE0575E22B20BFF002002D7 /* Resources */ = {
			isa = PBXResourcesBuildPhase;
			buildActionMask = 2147483647;
			files = (
			);
			runOnlyForDeploymentPostprocessing = 0;
		};
		7DE0576922B20BFF002002D7 /* Resources */ = {
			isa = PBXResourcesBuildPhase;
			buildActionMask = 2147483647;
			files = (
			);
			runOnlyForDeploymentPostprocessing = 0;
		};
/* End PBXResourcesBuildPhase section */

/* Begin PBXSourcesBuildPhase section */
		7DE0574822B20BFE002002D7 /* Sources */ = {
			isa = PBXSourcesBuildPhase;
			buildActionMask = 2147483647;
			files = (
				7DE0575222B20BFE002002D7 /* ViewController.swift in Sources */,
				7DE0575022B20BFE002002D7 /* AppDelegate.swift in Sources */,
			);
			runOnlyForDeploymentPostprocessing = 0;
		};
		7DE0575C22B20BFF002002D7 /* Sources */ = {
			isa = PBXSourcesBuildPhase;
			buildActionMask = 2147483647;
			files = (
				7DE0576522B20BFF002002D7 /* BringMyOwnBeer__Tests.swift in Sources */,
			);
			runOnlyForDeploymentPostprocessing = 0;
		};
		7DE0576722B20BFF002002D7 /* Sources */ = {
			isa = PBXSourcesBuildPhase;
			buildActionMask = 2147483647;
			files = (
				7DE0577022B20BFF002002D7 /* BringMyOwnBeer__UITests.swift in Sources */,
			);
			runOnlyForDeploymentPostprocessing = 0;
		};
/* End PBXSourcesBuildPhase section */

/* Begin PBXTargetDependency section */
		7DE0576222B20BFF002002D7 /* PBXTargetDependency */ = {
			isa = PBXTargetDependency;
			target = 7DE0574B22B20BFE002002D7 /* BringMyOwnBeer🍺 */;
			targetProxy = 7DE0576122B20BFF002002D7 /* PBXContainerItemProxy */;
		};
		7DE0576D22B20BFF002002D7 /* PBXTargetDependency */ = {
			isa = PBXTargetDependency;
			target = 7DE0574B22B20BFE002002D7 /* BringMyOwnBeer🍺 */;
			targetProxy = 7DE0576C22B20BFF002002D7 /* PBXContainerItemProxy */;
		};
/* End PBXTargetDependency section */

/* Begin PBXVariantGroup section */
		7DE0575322B20BFE002002D7 /* Main.storyboard */ = {
			isa = PBXVariantGroup;
			children = (
				7DE0575422B20BFE002002D7 /* Base */,
			);
			name = Main.storyboard;
			sourceTree = "<group>";
		};
		7DE0575822B20BFF002002D7 /* LaunchScreen.storyboard */ = {
			isa = PBXVariantGroup;
			children = (
				7DE0575922B20BFF002002D7 /* Base */,
			);
			name = LaunchScreen.storyboard;
			sourceTree = "<group>";
		};
/* End PBXVariantGroup section */

/* Begin XCBuildConfiguration section */
		7DE0577222B20BFF002002D7 /* Debug */ = {
			isa = XCBuildConfiguration;
			buildSettings = {
				ALWAYS_SEARCH_USER_PATHS = NO;
				CLANG_ANALYZER_NONNULL = YES;
				CLANG_ANALYZER_NUMBER_OBJECT_CONVERSION = YES_AGGRESSIVE;
				CLANG_CXX_LANGUAGE_STANDARD = "gnu++14";
				CLANG_CXX_LIBRARY = "libc++";
				CLANG_ENABLE_MODULES = YES;
				CLANG_ENABLE_OBJC_ARC = YES;
				CLANG_ENABLE_OBJC_WEAK = YES;
				CLANG_WARN_BLOCK_CAPTURE_AUTORELEASING = YES;
				CLANG_WARN_BOOL_CONVERSION = YES;
				CLANG_WARN_COMMA = YES;
				CLANG_WARN_CONSTANT_CONVERSION = YES;
				CLANG_WARN_DEPRECATED_OBJC_IMPLEMENTATIONS = YES;
				CLANG_WARN_DIRECT_OBJC_ISA_USAGE = YES_ERROR;
				CLANG_WARN_DOCUMENTATION_COMMENTS = YES;
				CLANG_WARN_EMPTY_BODY = YES;
				CLANG_WARN_ENUM_CONVERSION = YES;
				CLANG_WARN_INFINITE_RECURSION = YES;
				CLANG_WARN_INT_CONVERSION = YES;
				CLANG_WARN_NON_LITERAL_NULL_CONVERSION = YES;
				CLANG_WARN_OBJC_IMPLICIT_RETAIN_SELF = YES;
				CLANG_WARN_OBJC_LITERAL_CONVERSION = YES;
				CLANG_WARN_OBJC_ROOT_CLASS = YES_ERROR;
				CLANG_WARN_RANGE_LOOP_ANALYSIS = YES;
				CLANG_WARN_STRICT_PROTOTYPES = YES;
				CLANG_WARN_SUSPICIOUS_MOVE = YES;
				CLANG_WARN_UNGUARDED_AVAILABILITY = YES_AGGRESSIVE;
				CLANG_WARN_UNREACHABLE_CODE = YES;
				CLANG_WARN__DUPLICATE_METHOD_MATCH = YES;
				CODE_SIGN_IDENTITY = "iPhone Developer";
				COPY_PHASE_STRIP = NO;
				DEBUG_INFORMATION_FORMAT = dwarf;
				ENABLE_STRICT_OBJC_MSGSEND = YES;
				ENABLE_TESTABILITY = YES;
				GCC_C_LANGUAGE_STANDARD = gnu11;
				GCC_DYNAMIC_NO_PIC = NO;
				GCC_NO_COMMON_BLOCKS = YES;
				GCC_OPTIMIZATION_LEVEL = 0;
				GCC_PREPROCESSOR_DEFINITIONS = (
					"DEBUG=1",
					"$(inherited)",
				);
				GCC_WARN_64_TO_32_BIT_CONVERSION = YES;
				GCC_WARN_ABOUT_RETURN_TYPE = YES_ERROR;
				GCC_WARN_UNDECLARED_SELECTOR = YES;
				GCC_WARN_UNINITIALIZED_AUTOS = YES_AGGRESSIVE;
				GCC_WARN_UNUSED_FUNCTION = YES;
				GCC_WARN_UNUSED_VARIABLE = YES;
				IPHONEOS_DEPLOYMENT_TARGET = 12.2;
				MTL_ENABLE_DEBUG_INFO = INCLUDE_SOURCE;
				MTL_FAST_MATH = YES;
				ONLY_ACTIVE_ARCH = YES;
				SDKROOT = iphoneos;
				SWIFT_ACTIVE_COMPILATION_CONDITIONS = DEBUG;
				SWIFT_OPTIMIZATION_LEVEL = "-Onone";
			};
			name = Debug;
		};
		7DE0577322B20BFF002002D7 /* Release */ = {
			isa = XCBuildConfiguration;
			buildSettings = {
				ALWAYS_SEARCH_USER_PATHS = NO;
				CLANG_ANALYZER_NONNULL = YES;
				CLANG_ANALYZER_NUMBER_OBJECT_CONVERSION = YES_AGGRESSIVE;
				CLANG_CXX_LANGUAGE_STANDARD = "gnu++14";
				CLANG_CXX_LIBRARY = "libc++";
				CLANG_ENABLE_MODULES = YES;
				CLANG_ENABLE_OBJC_ARC = YES;
				CLANG_ENABLE_OBJC_WEAK = YES;
				CLANG_WARN_BLOCK_CAPTURE_AUTORELEASING = YES;
				CLANG_WARN_BOOL_CONVERSION = YES;
				CLANG_WARN_COMMA = YES;
				CLANG_WARN_CONSTANT_CONVERSION = YES;
				CLANG_WARN_DEPRECATED_OBJC_IMPLEMENTATIONS = YES;
				CLANG_WARN_DIRECT_OBJC_ISA_USAGE = YES_ERROR;
				CLANG_WARN_DOCUMENTATION_COMMENTS = YES;
				CLANG_WARN_EMPTY_BODY = YES;
				CLANG_WARN_ENUM_CONVERSION = YES;
				CLANG_WARN_INFINITE_RECURSION = YES;
				CLANG_WARN_INT_CONVERSION = YES;
				CLANG_WARN_NON_LITERAL_NULL_CONVERSION = YES;
				CLANG_WARN_OBJC_IMPLICIT_RETAIN_SELF = YES;
				CLANG_WARN_OBJC_LITERAL_CONVERSION = YES;
				CLANG_WARN_OBJC_ROOT_CLASS = YES_ERROR;
				CLANG_WARN_RANGE_LOOP_ANALYSIS = YES;
				CLANG_WARN_STRICT_PROTOTYPES = YES;
				CLANG_WARN_SUSPICIOUS_MOVE = YES;
				CLANG_WARN_UNGUARDED_AVAILABILITY = YES_AGGRESSIVE;
				CLANG_WARN_UNREACHABLE_CODE = YES;
				CLANG_WARN__DUPLICATE_METHOD_MATCH = YES;
				CODE_SIGN_IDENTITY = "iPhone Developer";
				COPY_PHASE_STRIP = NO;
				DEBUG_INFORMATION_FORMAT = "dwarf-with-dsym";
				ENABLE_NS_ASSERTIONS = NO;
				ENABLE_STRICT_OBJC_MSGSEND = YES;
				GCC_C_LANGUAGE_STANDARD = gnu11;
				GCC_NO_COMMON_BLOCKS = YES;
				GCC_WARN_64_TO_32_BIT_CONVERSION = YES;
				GCC_WARN_ABOUT_RETURN_TYPE = YES_ERROR;
				GCC_WARN_UNDECLARED_SELECTOR = YES;
				GCC_WARN_UNINITIALIZED_AUTOS = YES_AGGRESSIVE;
				GCC_WARN_UNUSED_FUNCTION = YES;
				GCC_WARN_UNUSED_VARIABLE = YES;
				IPHONEOS_DEPLOYMENT_TARGET = 12.2;
				MTL_ENABLE_DEBUG_INFO = NO;
				MTL_FAST_MATH = YES;
				SDKROOT = iphoneos;
				SWIFT_COMPILATION_MODE = wholemodule;
				SWIFT_OPTIMIZATION_LEVEL = "-O";
				VALIDATE_PRODUCT = YES;
			};
			name = Release;
		};
		7DE0577522B20BFF002002D7 /* Debug */ = {
			isa = XCBuildConfiguration;
			buildSettings = {
				ASSETCATALOG_COMPILER_APPICON_NAME = AppIcon;
				CODE_SIGN_STYLE = Automatic;
				DEVELOPMENT_TEAM = 4U9BR6CX43;
				INFOPLIST_FILE = "BringMyOwnBeer🍺/Info.plist";
				LD_RUNPATH_SEARCH_PATHS = (
					"$(inherited)",
					"@executable_path/Frameworks",
				);
				PRODUCT_BUNDLE_IDENTIFIER = "kr.devfimuxd.BringMyOwnBeer--";
				PRODUCT_NAME = "$(TARGET_NAME)";
				SWIFT_VERSION = 5.0;
				TARGETED_DEVICE_FAMILY = "1,2";
			};
			name = Debug;
		};
		7DE0577622B20BFF002002D7 /* Release */ = {
			isa = XCBuildConfiguration;
			buildSettings = {
				ASSETCATALOG_COMPILER_APPICON_NAME = AppIcon;
				CODE_SIGN_STYLE = Automatic;
				DEVELOPMENT_TEAM = 4U9BR6CX43;
				INFOPLIST_FILE = "BringMyOwnBeer🍺/Info.plist";
				LD_RUNPATH_SEARCH_PATHS = (
					"$(inherited)",
					"@executable_path/Frameworks",
				);
				PRODUCT_BUNDLE_IDENTIFIER = "kr.devfimuxd.BringMyOwnBeer--";
				PRODUCT_NAME = "$(TARGET_NAME)";
				SWIFT_VERSION = 5.0;
				TARGETED_DEVICE_FAMILY = "1,2";
			};
			name = Release;
		};
		7DE0577822B20BFF002002D7 /* Debug */ = {
			isa = XCBuildConfiguration;
			buildSettings = {
				ALWAYS_EMBED_SWIFT_STANDARD_LIBRARIES = YES;
				BUNDLE_LOADER = "$(TEST_HOST)";
				CODE_SIGN_STYLE = Automatic;
				DEVELOPMENT_TEAM = 4U9BR6CX43;
				INFOPLIST_FILE = "BringMyOwnBeer🍺Tests/Info.plist";
				LD_RUNPATH_SEARCH_PATHS = (
					"$(inherited)",
					"@executable_path/Frameworks",
					"@loader_path/Frameworks",
				);
				PRODUCT_BUNDLE_IDENTIFIER = "kr.devfimuxd.BringMyOwnBeer--Tests";
				PRODUCT_NAME = "$(TARGET_NAME)";
				SWIFT_VERSION = 5.0;
				TARGETED_DEVICE_FAMILY = "1,2";
				TEST_HOST = "$(BUILT_PRODUCTS_DIR)/BringMyOwnBeer🍺.app/BringMyOwnBeer🍺";
			};
			name = Debug;
		};
		7DE0577922B20BFF002002D7 /* Release */ = {
			isa = XCBuildConfiguration;
			buildSettings = {
				ALWAYS_EMBED_SWIFT_STANDARD_LIBRARIES = YES;
				BUNDLE_LOADER = "$(TEST_HOST)";
				CODE_SIGN_STYLE = Automatic;
				DEVELOPMENT_TEAM = 4U9BR6CX43;
				INFOPLIST_FILE = "BringMyOwnBeer🍺Tests/Info.plist";
				LD_RUNPATH_SEARCH_PATHS = (
					"$(inherited)",
					"@executable_path/Frameworks",
					"@loader_path/Frameworks",
				);
				PRODUCT_BUNDLE_IDENTIFIER = "kr.devfimuxd.BringMyOwnBeer--Tests";
				PRODUCT_NAME = "$(TARGET_NAME)";
				SWIFT_VERSION = 5.0;
				TARGETED_DEVICE_FAMILY = "1,2";
				TEST_HOST = "$(BUILT_PRODUCTS_DIR)/BringMyOwnBeer🍺.app/BringMyOwnBeer🍺";
			};
			name = Release;
		};
		7DE0577B22B20BFF002002D7 /* Debug */ = {
			isa = XCBuildConfiguration;
			buildSettings = {
				ALWAYS_EMBED_SWIFT_STANDARD_LIBRARIES = YES;
				CODE_SIGN_STYLE = Automatic;
				DEVELOPMENT_TEAM = 4U9BR6CX43;
				INFOPLIST_FILE = "BringMyOwnBeer🍺UITests/Info.plist";
				LD_RUNPATH_SEARCH_PATHS = (
					"$(inherited)",
					"@executable_path/Frameworks",
					"@loader_path/Frameworks",
				);
				PRODUCT_BUNDLE_IDENTIFIER = "kr.devfimuxd.BringMyOwnBeer--UITests";
				PRODUCT_NAME = "$(TARGET_NAME)";
				SWIFT_VERSION = 5.0;
				TARGETED_DEVICE_FAMILY = "1,2";
				TEST_TARGET_NAME = "BringMyOwnBeer🍺";
			};
			name = Debug;
		};
		7DE0577C22B20BFF002002D7 /* Release */ = {
			isa = XCBuildConfiguration;
			buildSettings = {
				ALWAYS_EMBED_SWIFT_STANDARD_LIBRARIES = YES;
				CODE_SIGN_STYLE = Automatic;
				DEVELOPMENT_TEAM = 4U9BR6CX43;
				INFOPLIST_FILE = "BringMyOwnBeer🍺UITests/Info.plist";
				LD_RUNPATH_SEARCH_PATHS = (
					"$(inherited)",
					"@executable_path/Frameworks",
					"@loader_path/Frameworks",
				);
				PRODUCT_BUNDLE_IDENTIFIER = "kr.devfimuxd.BringMyOwnBeer--UITests";
				PRODUCT_NAME = "$(TARGET_NAME)";
				SWIFT_VERSION = 5.0;
				TARGETED_DEVICE_FAMILY = "1,2";
				TEST_TARGET_NAME = "BringMyOwnBeer🍺";
			};
			name = Release;
		};
/* End XCBuildConfiguration section */

/* Begin XCConfigurationList section */
		7DE0574722B20BFE002002D7 /* Build configuration list for PBXProject "BringMyOwnBeer🍺" */ = {
			isa = XCConfigurationList;
			buildConfigurations = (
				7DE0577222B20BFF002002D7 /* Debug */,
				7DE0577322B20BFF002002D7 /* Release */,
			);
			defaultConfigurationIsVisible = 0;
			defaultConfigurationName = Release;
		};
		7DE0577422B20BFF002002D7 /* Build configuration list for PBXNativeTarget "BringMyOwnBeer🍺" */ = {
			isa = XCConfigurationList;
			buildConfigurations = (
				7DE0577522B20BFF002002D7 /* Debug */,
				7DE0577622B20BFF002002D7 /* Release */,
			);
			defaultConfigurationIsVisible = 0;
			defaultConfigurationName = Release;
		};
		7DE0577722B20BFF002002D7 /* Build configuration list for PBXNativeTarget "BringMyOwnBeer🍺Tests" */ = {
			isa = XCConfigurationList;
			buildConfigurations = (
				7DE0577822B20BFF002002D7 /* Debug */,
				7DE0577922B20BFF002002D7 /* Release */,
			);
			defaultConfigurationIsVisible = 0;
			defaultConfigurationName = Release;
		};
		7DE0577A22B20BFF002002D7 /* Build configuration list for PBXNativeTarget "BringMyOwnBeer🍺UITests" */ = {
			isa = XCConfigurationList;
			buildConfigurations = (
				7DE0577B22B20BFF002002D7 /* Debug */,
				7DE0577C22B20BFF002002D7 /* Release */,
			);
			defaultConfigurationIsVisible = 0;
			defaultConfigurationName = Release;
		};
/* End XCConfigurationList section */
	};
	rootObject = 7DE0574422B20BFE002002D7 /* Project object */;
}
