<?xml version="1.0" encoding="UTF-8"?>
<Scheme
   LastUpgradeVersion = "1250"
   version = "1.3">
   <BuildAction
      parallelizeBuildables = "YES"
      buildImplicitDependencies = "YES">
      <BuildActionEntries>
         <BuildActionEntry
            buildForTesting = "YES"
            buildForRunning = "YES"
            buildForProfiling = "YES"
            buildForArchiving = "YES"
            buildForAnalyzing = "YES">
            <BuildableReference
               BuildableIdentifier = "primary"
               BlueprintIdentifier = "7DE0574B22B20BFE002002D7"
               BuildableName = "BringMyOwnBeer&#x1f37a;.app"
               BlueprintName = "BringMyOwnBeer&#x1f37a;"
               ReferencedContainer = "container:BringMyOwnBeer&#x1f37a;.xcodeproj">
            </BuildableReference>
         </BuildActionEntry>
      </BuildActionEntries>
   </BuildAction>
   <TestAction
      buildConfiguration = "Debug"
      selectedDebuggerIdentifier = "Xcode.DebuggerFoundation.Debugger.LLDB"
      selectedLauncherIdentifier = "Xcode.DebuggerFoundation.Launcher.LLDB"
      shouldUseLaunchSchemeArgsEnv = "YES">
      <MacroExpansion>
         <BuildableReference
            BuildableIdentifier = "primary"
            BlueprintIdentifier = "7DE0574B22B20BFE002002D7"
            BuildableName = "BringMyOwnBeer&#x1f37a;.app"
            BlueprintName = "BringMyOwnBeer&#x1f37a;"
            ReferencedContainer = "container:BringMyOwnBeer&#x1f37a;.xcodeproj">
         </BuildableReference>
      </MacroExpansion>
      <Testables>
         <TestableReference
            skipped = "NO">
            <BuildableReference
               BuildableIdentifier = "primary"
               BlueprintIdentifier = "7DE0575F22B20BFF002002D7"
               BuildableName = "BringMyOwnBeer&#x1f37a;Tests.xctest"
               BlueprintName = "BringMyOwnBeer&#x1f37a;Tests"
               ReferencedContainer = "container:BringMyOwnBeer&#x1f37a;.xcodeproj">
            </BuildableReference>
         </TestableReference>
         <TestableReference
            skipped = "YES">
            <BuildableReference
               BuildableIdentifier = "primary"
               BlueprintIdentifier = "7DE0576A22B20BFF002002D7"
               BuildableName = "BringMyOwnBeer&#x1f37a;UITests.xctest"
               BlueprintName = "BringMyOwnBeer&#x1f37a;UITests"
               ReferencedContainer = "container:BringMyOwnBeer&#x1f37a;.xcodeproj">
            </BuildableReference>
         </TestableReference>
      </Testables>
   </TestAction>
   <LaunchAction
      buildConfiguration = "Debug"
      selectedDebuggerIdentifier = "Xcode.DebuggerFoundation.Debugger.LLDB"
      selectedLauncherIdentifier = "Xcode.DebuggerFoundation.Launcher.LLDB"
      launchStyle = "0"
      useCustomWorkingDirectory = "NO"
      ignoresPersistentStateOnLaunch = "NO"
      debugDocumentVersioning = "YES"
      debugServiceExtension = "internal"
      allowLocationSimulation = "YES">
      <BuildableProductRunnable
         runnableDebuggingMode = "0">
         <BuildableReference
            BuildableIdentifier = "primary"
            BlueprintIdentifier = "7DE0574B22B20BFE002002D7"
            BuildableName = "BringMyOwnBeer&#x1f37a;.app"
            BlueprintName = "BringMyOwnBeer&#x1f37a;"
            ReferencedContainer = "container:BringMyOwnBeer&#x1f37a;.xcodeproj">
         </BuildableReference>
      </BuildableProductRunnable>
   </LaunchAction>
   <ProfileAction
      buildConfiguration = "Release"
      shouldUseLaunchSchemeArgsEnv = "YES"
      savedToolIdentifier = ""
      useCustomWorkingDirectory = "NO"
      debugDocumentVersioning = "YES">
      <BuildableProductRunnable
         runnableDebuggingMode = "0">
         <BuildableReference
            BuildableIdentifier = "primary"
            BlueprintIdentifier = "7DE0574B22B20BFE002002D7"
            BuildableName = "BringMyOwnBeer&#x1f37a;.app"
            BlueprintName = "BringMyOwnBeer&#x1f37a;"
            ReferencedContainer = "container:BringMyOwnBeer&#x1f37a;.xcodeproj">
         </BuildableReference>
      </BuildableProductRunnable>
   </ProfileAction>
   <AnalyzeAction
      buildConfiguration = "Debug">
   </AnalyzeAction>
   <ArchiveAction
      buildConfiguration = "Release"
      revealArchiveInOrganizer = "YES">
   </ArchiveAction>
</Scheme>
